
Microsoft Visual Studio Solution File, Format Version 12.00
# Visual Studio Version 16
VisualStudioVersion = 16.0.29806.167
MinimumVisualStudioVersion = 10.0.40219.1
Project("{9A19103F-16F7-4668-BE54-9A1E7A4F7556}") = "Pathz", "Pathz\Pathz.csproj", "{8E2F1C8F-D626-4B4A-B556-A98C88BC94B7}"
EndProject
Project("{9A19103F-16F7-4668-BE54-9A1E7A4F7556}") = "Domain", "Domain\Domain.csproj", "{143F9465-CA6E-4131-8C81-97B8BB93DFD7}"
EndProject
Project("{FAE04EC0-301F-11D3-BF4B-00C04F79EFBC}") = "Testing", "Testing\Testing.csproj", "{971CB10C-0B7B-4AF8-9D80-C2D298EC07D9}"
EndProject
Global
	GlobalSection(SolutionConfigurationPlatforms) = preSolution
		Debug|Any CPU = Debug|Any CPU
		Release|Any CPU = Release|Any CPU
	EndGlobalSection
	GlobalSection(ProjectConfigurationPlatforms) = postSolution
		{8E2F1C8F-D626-4B4A-B556-A98C88BC94B7}.Debug|Any CPU.ActiveCfg = Debug|Any CPU
		{8E2F1C8F-D626-4B4A-B556-A98C88BC94B7}.Debug|Any CPU.Build.0 = Debug|Any CPU
		{8E2F1C8F-D626-4B4A-B556-A98C88BC94B7}.Release|Any CPU.ActiveCfg = Release|Any CPU
		{8E2F1C8F-D626-4B4A-B556-A98C88BC94B7}.Release|Any CPU.Build.0 = Release|Any CPU
		{143F9465-CA6E-4131-8C81-97B8BB93DFD7}.Debug|Any CPU.ActiveCfg = Debug|Any CPU
		{143F9465-CA6E-4131-8C81-97B8BB93DFD7}.Debug|Any CPU.Build.0 = Debug|Any CPU
		{143F9465-CA6E-4131-8C81-97B8BB93DFD7}.Release|Any CPU.ActiveCfg = Release|Any CPU
		{143F9465-CA6E-4131-8C81-97B8BB93DFD7}.Release|Any CPU.Build.0 = Release|Any CPU
		{971CB10C-0B7B-4AF8-9D80-C2D298EC07D9}.Debug|Any CPU.ActiveCfg = Debug|Any CPU
		{971CB10C-0B7B-4AF8-9D80-C2D298EC07D9}.Debug|Any CPU.Build.0 = Debug|Any CPU
		{971CB10C-0B7B-4AF8-9D80-C2D298EC07D9}.Release|Any CPU.ActiveCfg = Release|Any CPU
		{971CB10C-0B7B-4AF8-9D80-C2D298EC07D9}.Release|Any CPU.Build.0 = Release|Any CPU
	EndGlobalSection
	GlobalSection(SolutionProperties) = preSolution
		HideSolutionNode = FALSE
	EndGlobalSection
	GlobalSection(ExtensibilityGlobals) = postSolution
		SolutionGuid = {4A58649E-AE54-4406-9EEB-372E1BA8A306}
	EndGlobalSection
EndGlobal
